
Microsoft Visual Studio Solution File, Format Version 12.00
Project("{FAE04EC0-301F-11D3-BF4B-00C04F79EFBC}") = "BooleanAlgebra", "BooleanAlgebra\BooleanAlgebra.csproj", "{B034AB58-60A8-4E17-B2CA-E099149C7634}"
EndProject
Project("{FAE04EC0-301F-11D3-BF4B-00C04F79EFBC}") = "BooleanAlgebra.Display", "BooleanAlgebra.Display\BooleanAlgebra.Display.csproj", "{EE9852DE-82D6-445D-AA43-75ED6D97458D}"
EndProject
Project("{FAE04EC0-301F-11D3-BF4B-00C04F79EFBC}") = "BooleanAlgebra.Tests", "BooleanAlgebra.Tests\BooleanAlgebra.Tests.csproj", "{C358F0F6-E31C-4610-9817-EEF87AC4F089}"
EndProject
Global
	GlobalSection(SolutionConfigurationPlatforms) = preSolution
		Debug|Any CPU = Debug|Any CPU
		Release|Any CPU = Release|Any CPU
	EndGlobalSection
	GlobalSection(ProjectConfigurationPlatforms) = postSolution
		{B034AB58-60A8-4E17-B2CA-E099149C7634}.Debug|Any CPU.ActiveCfg = Debug|Any CPU
		{B034AB58-60A8-4E17-B2CA-E099149C7634}.Debug|Any CPU.Build.0 = Debug|Any CPU
		{B034AB58-60A8-4E17-B2CA-E099149C7634}.Release|Any CPU.ActiveCfg = Release|Any CPU
		{B034AB58-60A8-4E17-B2CA-E099149C7634}.Release|Any CPU.Build.0 = Release|Any CPU
		{EE9852DE-82D6-445D-AA43-75ED6D97458D}.Debug|Any CPU.ActiveCfg = Debug|Any CPU
		{EE9852DE-82D6-445D-AA43-75ED6D97458D}.Debug|Any CPU.Build.0 = Debug|Any CPU
		{EE9852DE-82D6-445D-AA43-75ED6D97458D}.Release|Any CPU.ActiveCfg = Release|Any CPU
		{EE9852DE-82D6-445D-AA43-75ED6D97458D}.Release|Any CPU.Build.0 = Release|Any CPU
		{C358F0F6-E31C-4610-9817-EEF87AC4F089}.Debug|Any CPU.ActiveCfg = Debug|Any CPU
		{C358F0F6-E31C-4610-9817-EEF87AC4F089}.Debug|Any CPU.Build.0 = Debug|Any CPU
		{C358F0F6-E31C-4610-9817-EEF87AC4F089}.Release|Any CPU.ActiveCfg = Release|Any CPU
		{C358F0F6-E31C-4610-9817-EEF87AC4F089}.Release|Any CPU.Build.0 = Release|Any CPU
	EndGlobalSection
EndGlobal
